// !$*UTF8*$!
{
	archiveVersion = 1;
	classes = {
	};
	objectVersion = 50;
	objects = {

/* Begin PBXBuildFile section */
		A623A60A25B3AE8100411766 /* Mass.swift in Sources */ = {isa = PBXBuildFile; fileRef = A623A60925B3AE8100411766 /* Mass.swift */; };
		A623A60D25B3AE9200411766 /* Volume.swift in Sources */ = {isa = PBXBuildFile; fileRef = A623A60C25B3AE9200411766 /* Volume.swift */; };
		A623A61425B3AEEA00411766 /* Double+Measurement.swift in Sources */ = {isa = PBXBuildFile; fileRef = A623A61325B3AEEA00411766 /* Double+Measurement.swift */; };
		A623A61825B3AF2C00411766 /* Int+Measurement.swift in Sources */ = {isa = PBXBuildFile; fileRef = A623A61725B3AF2C00411766 /* Int+Measurement.swift */; };
		A623A62125B3AFA600411766 /* Ct.swift in Sources */ = {isa = PBXBuildFile; fileRef = A623A62025B3AFA600411766 /* Ct.swift */; };
		A623A62425B3AFC700411766 /* Cal.swift in Sources */ = {isa = PBXBuildFile; fileRef = A623A62325B3AFC700411766 /* Cal.swift */; };
		A623A62825B3B57500411766 /* MeasurementFormatter.swift in Sources */ = {isa = PBXBuildFile; fileRef = A623A62725B3B57500411766 /* MeasurementFormatter.swift */; };
		A62F6E8525A2B6F0000B2099 /* DigitalNutritionFactsApp.swift in Sources */ = {isa = PBXBuildFile; fileRef = A62F6E8425A2B6F0000B2099 /* DigitalNutritionFactsApp.swift */; };
		A62F6E8725A2B6F0000B2099 /* ContentView.swift in Sources */ = {isa = PBXBuildFile; fileRef = A62F6E8625A2B6F0000B2099 /* ContentView.swift */; };
		A62F6E8925A2B6F0000B2099 /* Assets.xcassets in Resources */ = {isa = PBXBuildFile; fileRef = A62F6E8825A2B6F0000B2099 /* Assets.xcassets */; };
		A62F6E8C25A2B6F0000B2099 /* Preview Assets.xcassets in Resources */ = {isa = PBXBuildFile; fileRef = A62F6E8B25A2B6F0000B2099 /* Preview Assets.xcassets */; };
		A62F6E9525A2B73B000B2099 /* NutritionFacts.swift in Sources */ = {isa = PBXBuildFile; fileRef = A62F6E9425A2B73B000B2099 /* NutritionFacts.swift */; };
/* End PBXBuildFile section */

/* Begin PBXFileReference section */
		A623A60925B3AE8100411766 /* Mass.swift */ = {isa = PBXFileReference; lastKnownFileType = sourcecode.swift; path = Mass.swift; sourceTree = "<group>"; };
		A623A60C25B3AE9200411766 /* Volume.swift */ = {isa = PBXFileReference; lastKnownFileType = sourcecode.swift; path = Volume.swift; sourceTree = "<group>"; };
		A623A61325B3AEEA00411766 /* Double+Measurement.swift */ = {isa = PBXFileReference; lastKnownFileType = sourcecode.swift; path = "Double+Measurement.swift"; sourceTree = "<group>"; };
		A623A61725B3AF2C00411766 /* Int+Measurement.swift */ = {isa = PBXFileReference; lastKnownFileType = sourcecode.swift; path = "Int+Measurement.swift"; sourceTree = "<group>"; };
		A623A62025B3AFA600411766 /* Ct.swift */ = {isa = PBXFileReference; lastKnownFileType = sourcecode.swift; path = Ct.swift; sourceTree = "<group>"; };
		A623A62325B3AFC700411766 /* Cal.swift */ = {isa = PBXFileReference; lastKnownFileType = sourcecode.swift; path = Cal.swift; sourceTree = "<group>"; };
		A623A62725B3B57500411766 /* MeasurementFormatter.swift */ = {isa = PBXFileReference; lastKnownFileType = sourcecode.swift; path = MeasurementFormatter.swift; sourceTree = "<group>"; };
		A62F6E8125A2B6F0000B2099 /* DigitalNutritionFacts.app */ = {isa = PBXFileReference; explicitFileType = wrapper.application; includeInIndex = 0; path = DigitalNutritionFacts.app; sourceTree = BUILT_PRODUCTS_DIR; };
		A62F6E8425A2B6F0000B2099 /* DigitalNutritionFactsApp.swift */ = {isa = PBXFileReference; lastKnownFileType = sourcecode.swift; path = DigitalNutritionFactsApp.swift; sourceTree = "<group>"; };
		A62F6E8625A2B6F0000B2099 /* ContentView.swift */ = {isa = PBXFileReference; lastKnownFileType = sourcecode.swift; path = ContentView.swift; sourceTree = "<group>"; };
		A62F6E8825A2B6F0000B2099 /* Assets.xcassets */ = {isa = PBXFileReference; lastKnownFileType = folder.assetcatalog; path = Assets.xcassets; sourceTree = "<group>"; };
		A62F6E8B25A2B6F0000B2099 /* Preview Assets.xcassets */ = {isa = PBXFileReference; lastKnownFileType = folder.assetcatalog; path = "Preview Assets.xcassets"; sourceTree = "<group>"; };
		A62F6E8D25A2B6F0000B2099 /* Info.plist */ = {isa = PBXFileReference; lastKnownFileType = text.plist.xml; path = Info.plist; sourceTree = "<group>"; };
		A62F6E9425A2B73B000B2099 /* NutritionFacts.swift */ = {isa = PBXFileReference; lastKnownFileType = sourcecode.swift; path = NutritionFacts.swift; sourceTree = "<group>"; };
/* End PBXFileReference section */

/* Begin PBXFrameworksBuildPhase section */
		A62F6E7E25A2B6F0000B2099 /* Frameworks */ = {
			isa = PBXFrameworksBuildPhase;
			buildActionMask = 2147483647;
			files = (
			);
			runOnlyForDeploymentPostprocessing = 0;
		};
/* End PBXFrameworksBuildPhase section */

/* Begin PBXGroup section */
		A623A61C25B3AF7A00411766 /* Units */ = {
			isa = PBXGroup;
			children = (
				A623A60925B3AE8100411766 /* Mass.swift */,
				A623A62725B3B57500411766 /* MeasurementFormatter.swift */,
				A623A60C25B3AE9200411766 /* Volume.swift */,
				A623A62025B3AFA600411766 /* Ct.swift */,
				A623A62325B3AFC700411766 /* Cal.swift */,
				A623A61325B3AEEA00411766 /* Double+Measurement.swift */,
				A623A61725B3AF2C00411766 /* Int+Measurement.swift */,
			);
			path = Units;
			sourceTree = "<group>";
		};
		A62F6E7825A2B6F0000B2099 = {
			isa = PBXGroup;
			children = (
				A62F6E8325A2B6F0000B2099 /* DigitalNutritionFacts */,
				A62F6E8225A2B6F0000B2099 /* Products */,
			);
			sourceTree = "<group>";
		};
		A62F6E8225A2B6F0000B2099 /* Products */ = {
			isa = PBXGroup;
			children = (
				A62F6E8125A2B6F0000B2099 /* DigitalNutritionFacts.app */,
			);
			name = Products;
			sourceTree = "<group>";
		};
		A62F6E8325A2B6F0000B2099 /* DigitalNutritionFacts */ = {
			isa = PBXGroup;
			children = (
				A62F6E8425A2B6F0000B2099 /* DigitalNutritionFactsApp.swift */,
				A62F6E9425A2B73B000B2099 /* NutritionFacts.swift */,
				A62F6E8625A2B6F0000B2099 /* ContentView.swift */,
				A623A61C25B3AF7A00411766 /* Units */,
				A62F6E8825A2B6F0000B2099 /* Assets.xcassets */,
				A62F6E8D25A2B6F0000B2099 /* Info.plist */,
				A62F6E8A25A2B6F0000B2099 /* Preview Content */,
			);
			path = DigitalNutritionFacts;
			sourceTree = "<group>";
		};
		A62F6E8A25A2B6F0000B2099 /* Preview Content */ = {
			isa = PBXGroup;
			children = (
				A62F6E8B25A2B6F0000B2099 /* Preview Assets.xcassets */,
			);
			path = "Preview Content";
			sourceTree = "<group>";
		};
/* End PBXGroup section */

/* Begin PBXNativeTarget section */
		A62F6E8025A2B6F0000B2099 /* DigitalNutritionFacts */ = {
			isa = PBXNativeTarget;
			buildConfigurationList = A62F6E9025A2B6F0000B2099 /* Build configuration list for PBXNativeTarget "DigitalNutritionFacts" */;
			buildPhases = (
				A62F6E7D25A2B6F0000B2099 /* Sources */,
				A62F6E7E25A2B6F0000B2099 /* Frameworks */,
				A62F6E7F25A2B6F0000B2099 /* Resources */,
			);
			buildRules = (
			);
			dependencies = (
			);
			name = DigitalNutritionFacts;
			productName = DigitalNutritionFacts;
			productReference = A62F6E8125A2B6F0000B2099 /* DigitalNutritionFacts.app */;
			productType = "com.apple.product-type.application";
		};
/* End PBXNativeTarget section */

/* Begin PBXProject section */
		A62F6E7925A2B6F0000B2099 /* Project object */ = {
			isa = PBXProject;
			attributes = {
				LastSwiftUpdateCheck = 1230;
				LastUpgradeCheck = 1230;
				TargetAttributes = {
					A62F6E8025A2B6F0000B2099 = {
						CreatedOnToolsVersion = 12.3;
					};
				};
			};
			buildConfigurationList = A62F6E7C25A2B6F0000B2099 /* Build configuration list for PBXProject "DigitalNutritionFacts" */;
			compatibilityVersion = "Xcode 9.3";
			developmentRegion = en;
			hasScannedForEncodings = 0;
			knownRegions = (
				en,
				Base,
			);
			mainGroup = A62F6E7825A2B6F0000B2099;
			productRefGroup = A62F6E8225A2B6F0000B2099 /* Products */;
			projectDirPath = "";
			projectRoot = "";
			targets = (
				A62F6E8025A2B6F0000B2099 /* DigitalNutritionFacts */,
			);
		};
/* End PBXProject section */

/* Begin PBXResourcesBuildPhase section */
		A62F6E7F25A2B6F0000B2099 /* Resources */ = {
			isa = PBXResourcesBuildPhase;
			buildActionMask = 2147483647;
			files = (
				A62F6E8C25A2B6F0000B2099 /* Preview Assets.xcassets in Resources */,
				A62F6E8925A2B6F0000B2099 /* Assets.xcassets in Resources */,
			);
			runOnlyForDeploymentPostprocessing = 0;
		};
/* End PBXResourcesBuildPhase section */

/* Begin PBXSourcesBuildPhase section */
		A62F6E7D25A2B6F0000B2099 /* Sources */ = {
			isa = PBXSourcesBuildPhase;
			buildActionMask = 2147483647;
			files = (
				A62F6E8725A2B6F0000B2099 /* ContentView.swift in Sources */,
				A623A60A25B3AE8100411766 /* Mass.swift in Sources */,
				A623A62125B3AFA600411766 /* Ct.swift in Sources */,
				A62F6E9525A2B73B000B2099 /* NutritionFacts.swift in Sources */,
				A623A60D25B3AE9200411766 /* Volume.swift in Sources */,
				A623A62425B3AFC700411766 /* Cal.swift in Sources */,
				A62F6E8525A2B6F0000B2099 /* DigitalNutritionFactsApp.swift in Sources */,
				A623A62825B3B57500411766 /* MeasurementFormatter.swift in Sources */,
				A623A61425B3AEEA00411766 /* Double+Measurement.swift in Sources */,
				A623A61825B3AF2C00411766 /* Int+Measurement.swift in Sources */,
			);
			runOnlyForDeploymentPostprocessing = 0;
		};
/* End PBXSourcesBuildPhase section */

/* Begin XCBuildConfiguration section */
		A62F6E8E25A2B6F0000B2099 /* Debug */ = {
			isa = XCBuildConfiguration;
			buildSettings = {
				ALWAYS_SEARCH_USER_PATHS = NO;
				CLANG_ANALYZER_NONNULL = YES;
				CLANG_ANALYZER_NUMBER_OBJECT_CONVERSION = YES_AGGRESSIVE;
				CLANG_CXX_LANGUAGE_STANDARD = "gnu++14";
				CLANG_CXX_LIBRARY = "libc++";
				CLANG_ENABLE_MODULES = YES;
				CLANG_ENABLE_OBJC_ARC = YES;
				CLANG_ENABLE_OBJC_WEAK = YES;
				CLANG_WARN_BLOCK_CAPTURE_AUTORELEASING = YES;
				CLANG_WARN_BOOL_CONVERSION = YES;
				CLANG_WARN_COMMA = YES;
				CLANG_WARN_CONSTANT_CONVERSION = YES;
				CLANG_WARN_DEPRECATED_OBJC_IMPLEMENTATIONS = YES;
				CLANG_WARN_DIRECT_OBJC_ISA_USAGE = YES_ERROR;
				CLANG_WARN_DOCUMENTATION_COMMENTS = YES;
				CLANG_WARN_EMPTY_BODY = YES;
				CLANG_WARN_ENUM_CONVERSION = YES;
				CLANG_WARN_INFINITE_RECURSION = YES;
				CLANG_WARN_INT_CONVERSION = YES;
				CLANG_WARN_NON_LITERAL_NULL_CONVERSION = YES;
				CLANG_WARN_OBJC_IMPLICIT_RETAIN_SELF = YES;
				CLANG_WARN_OBJC_LITERAL_CONVERSION = YES;
				CLANG_WARN_OBJC_ROOT_CLASS = YES_ERROR;
				CLANG_WARN_QUOTED_INCLUDE_IN_FRAMEWORK_HEADER = YES;
				CLANG_WARN_RANGE_LOOP_ANALYSIS = YES;
				CLANG_WARN_STRICT_PROTOTYPES = YES;
				CLANG_WARN_SUSPICIOUS_MOVE = YES;
				CLANG_WARN_UNGUARDED_AVAILABILITY = YES_AGGRESSIVE;
				CLANG_WARN_UNREACHABLE_CODE = YES;
				CLANG_WARN__DUPLICATE_METHOD_MATCH = YES;
				COPY_PHASE_STRIP = NO;
				DEBUG_INFORMATION_FORMAT = dwarf;
				ENABLE_STRICT_OBJC_MSGSEND = YES;
				ENABLE_TESTABILITY = YES;
				GCC_C_LANGUAGE_STANDARD = gnu11;
				GCC_DYNAMIC_NO_PIC = NO;
				GCC_NO_COMMON_BLOCKS = YES;
				GCC_OPTIMIZATION_LEVEL = 0;
				GCC_PREPROCESSOR_DEFINITIONS = (
					"DEBUG=1",
					"$(inherited)",
				);
				GCC_WARN_64_TO_32_BIT_CONVERSION = YES;
				GCC_WARN_ABOUT_RETURN_TYPE = YES_ERROR;
				GCC_WARN_UNDECLARED_SELECTOR = YES;
				GCC_WARN_UNINITIALIZED_AUTOS = YES_AGGRESSIVE;
				GCC_WARN_UNUSED_FUNCTION = YES;
				GCC_WARN_UNUSED_VARIABLE = YES;
				IPHONEOS_DEPLOYMENT_TARGET = 14.3;
				MTL_ENABLE_DEBUG_INFO = INCLUDE_SOURCE;
				MTL_FAST_MATH = YES;
				ONLY_ACTIVE_ARCH = YES;
				SDKROOT = iphoneos;
				SWIFT_ACTIVE_COMPILATION_CONDITIONS = DEBUG;
				SWIFT_OPTIMIZATION_LEVEL = "-Onone";
			};
			name = Debug;
		};
		A62F6E8F25A2B6F0000B2099 /* Release */ = {
			isa = XCBuildConfiguration;
			buildSettings = {
				ALWAYS_SEARCH_USER_PATHS = NO;
				CLANG_ANALYZER_NONNULL = YES;
				CLANG_ANALYZER_NUMBER_OBJECT_CONVERSION = YES_AGGRESSIVE;
				CLANG_CXX_LANGUAGE_STANDARD = "gnu++14";
				CLANG_CXX_LIBRARY = "libc++";
				CLANG_ENABLE_MODULES = YES;
				CLANG_ENABLE_OBJC_ARC = YES;
				CLANG_ENABLE_OBJC_WEAK = YES;
				CLANG_WARN_BLOCK_CAPTURE_AUTORELEASING = YES;
				CLANG_WARN_BOOL_CONVERSION = YES;
				CLANG_WARN_COMMA = YES;
				CLANG_WARN_CONSTANT_CONVERSION = YES;
				CLANG_WARN_DEPRECATED_OBJC_IMPLEMENTATIONS = YES;
				CLANG_WARN_DIRECT_OBJC_ISA_USAGE = YES_ERROR;
				CLANG_WARN_DOCUMENTATION_COMMENTS = YES;
				CLANG_WARN_EMPTY_BODY = YES;
				CLANG_WARN_ENUM_CONVERSION = YES;
				CLANG_WARN_INFINITE_RECURSION = YES;
				CLANG_WARN_INT_CONVERSION = YES;
				CLANG_WARN_NON_LITERAL_NULL_CONVERSION = YES;
				CLANG_WARN_OBJC_IMPLICIT_RETAIN_SELF = YES;
				CLANG_WARN_OBJC_LITERAL_CONVERSION = YES;
				CLANG_WARN_OBJC_ROOT_CLASS = YES_ERROR;
				CLANG_WARN_QUOTED_INCLUDE_IN_FRAMEWORK_HEADER = YES;
				CLANG_WARN_RANGE_LOOP_ANALYSIS = YES;
				CLANG_WARN_STRICT_PROTOTYPES = YES;
				CLANG_WARN_SUSPICIOUS_MOVE = YES;
				CLANG_WARN_UNGUARDED_AVAILABILITY = YES_AGGRESSIVE;
				CLANG_WARN_UNREACHABLE_CODE = YES;
				CLANG_WARN__DUPLICATE_METHOD_MATCH = YES;
				COPY_PHASE_STRIP = NO;
				DEBUG_INFORMATION_FORMAT = "dwarf-with-dsym";
				ENABLE_NS_ASSERTIONS = NO;
				ENABLE_STRICT_OBJC_MSGSEND = YES;
				GCC_C_LANGUAGE_STANDARD = gnu11;
				GCC_NO_COMMON_BLOCKS = YES;
				GCC_WARN_64_TO_32_BIT_CONVERSION = YES;
				GCC_WARN_ABOUT_RETURN_TYPE = YES_ERROR;
				GCC_WARN_UNDECLARED_SELECTOR = YES;
				GCC_WARN_UNINITIALIZED_AUTOS = YES_AGGRESSIVE;
				GCC_WARN_UNUSED_FUNCTION = YES;
				GCC_WARN_UNUSED_VARIABLE = YES;
				IPHONEOS_DEPLOYMENT_TARGET = 14.3;
				MTL_ENABLE_DEBUG_INFO = NO;
				MTL_FAST_MATH = YES;
				SDKROOT = iphoneos;
				SWIFT_COMPILATION_MODE = wholemodule;
				SWIFT_OPTIMIZATION_LEVEL = "-O";
				VALIDATE_PRODUCT = YES;
			};
			name = Release;
		};
		A62F6E9125A2B6F0000B2099 /* Debug */ = {
			isa = XCBuildConfiguration;
			buildSettings = {
				ASSETCATALOG_COMPILER_APPICON_NAME = AppIcon;
				ASSETCATALOG_COMPILER_GLOBAL_ACCENT_COLOR_NAME = AccentColor;
				CODE_SIGN_STYLE = Automatic;
				DEVELOPMENT_ASSET_PATHS = "\"DigitalNutritionFacts/Preview Content\"";
				DEVELOPMENT_TEAM = F53EG8ZE38;
				ENABLE_PREVIEWS = YES;
				INFOPLIST_FILE = DigitalNutritionFacts/Info.plist;
				IPHONEOS_DEPLOYMENT_TARGET = 14.0;
				LD_RUNPATH_SEARCH_PATHS = (
					"$(inherited)",
					"@executable_path/Frameworks",
				);
				PRODUCT_BUNDLE_IDENTIFIER = com.ianleon.DigitalNutritionFacts;
				PRODUCT_NAME = "$(TARGET_NAME)";
				SWIFT_VERSION = 5.0;
				TARGETED_DEVICE_FAMILY = "1,2";
			};
			name = Debug;
		};
		A62F6E9225A2B6F0000B2099 /* Release */ = {
			isa = XCBuildConfiguration;
			buildSettings = {
				ASSETCATALOG_COMPILER_APPICON_NAME = AppIcon;
				ASSETCATALOG_COMPILER_GLOBAL_ACCENT_COLOR_NAME = AccentColor;
				CODE_SIGN_STYLE = Automatic;
				DEVELOPMENT_ASSET_PATHS = "\"DigitalNutritionFacts/Preview Content\"";
				DEVELOPMENT_TEAM = F53EG8ZE38;
				ENABLE_PREVIEWS = YES;
				INFOPLIST_FILE = DigitalNutritionFacts/Info.plist;
				IPHONEOS_DEPLOYMENT_TARGET = 14.0;
				LD_RUNPATH_SEARCH_PATHS = (
					"$(inherited)",
					"@executable_path/Frameworks",
				);
				PRODUCT_BUNDLE_IDENTIFIER = com.ianleon.DigitalNutritionFacts;
				PRODUCT_NAME = "$(TARGET_NAME)";
				SWIFT_VERSION = 5.0;
				TARGETED_DEVICE_FAMILY = "1,2";
			};
			name = Release;
		};
/* End XCBuildConfiguration section */

/* Begin XCConfigurationList section */
		A62F6E7C25A2B6F0000B2099 /* Build configuration list for PBXProject "DigitalNutritionFacts" */ = {
			isa = XCConfigurationList;
			buildConfigurations = (
				A62F6E8E25A2B6F0000B2099 /* Debug */,
				A62F6E8F25A2B6F0000B2099 /* Release */,
			);
			defaultConfigurationIsVisible = 0;
			defaultConfigurationName = Release;
		};
		A62F6E9025A2B6F0000B2099 /* Build configuration list for PBXNativeTarget "DigitalNutritionFacts" */ = {
			isa = XCConfigurationList;
			buildConfigurations = (
				A62F6E9125A2B6F0000B2099 /* Debug */,
				A62F6E9225A2B6F0000B2099 /* Release */,
			);
			defaultConfigurationIsVisible = 0;
			defaultConfigurationName = Release;
		};
/* End XCConfigurationList section */
	};
	rootObject = A62F6E7925A2B6F0000B2099 /* Project object */;
}
